// !$*UTF8*$!
{
	archiveVersion = 1;
	classes = {
	};
	objectVersion = 46;
	objects = {

/* Begin PBXBuildFile section */
		D89421381E4907E60057B2EF /* megaController.cpp in Sources */ = {isa = PBXBuildFile; fileRef = D89421361E4907E60057B2EF /* megaController.cpp */; };
		D8C3391B1E490F5E00C00315 /* IntNode.cpp in Sources */ = {isa = PBXBuildFile; fileRef = D8C339191E490F5E00C00315 /* IntNode.cpp */; };
		D8C3F9971E4BA2CD00353D41 /* IntNodeArray.cpp in Sources */ = {isa = PBXBuildFile; fileRef = D8C3F9951E4BA2CC00353D41 /* IntNodeArray.cpp */; };
/* End PBXBuildFile section */

/* Begin PBXCopyFilesBuildPhase section */
		D89421291E4904F00057B2EF /* CopyFiles */ = {
			isa = PBXCopyFilesBuildPhase;
			buildActionMask = 2147483647;
			dstPath = /usr/share/man/man1/;
			dstSubfolderSpec = 0;
			files = (
			);
			runOnlyForDeploymentPostprocessing = 1;
		};
/* End PBXCopyFilesBuildPhase section */

/* Begin PBXFileReference section */
		D89421361E4907E60057B2EF /* megaController.cpp */ = {isa = PBXFileReference; fileEncoding = 4; lastKnownFileType = sourcecode.cpp.cpp; name = megaController.cpp; path = Controller/megaController.cpp; sourceTree = "<group>"; };
		D89421371E4907E60057B2EF /* megaController.hpp */ = {isa = PBXFileReference; fileEncoding = 4; lastKnownFileType = sourcecode.cpp.h; name = megaController.hpp; path = Controller/megaController.hpp; sourceTree = "<group>"; };
		D8C339191E490F5E00C00315 /* IntNode.cpp */ = {isa = PBXFileReference; fileEncoding = 4; lastKnownFileType = sourcecode.cpp.cpp; path = IntNode.cpp; sourceTree = "<group>"; };
		D8C3391A1E490F5E00C00315 /* IntNode.hpp */ = {isa = PBXFileReference; fileEncoding = 4; lastKnownFileType = sourcecode.cpp.h; path = IntNode.hpp; sourceTree = "<group>"; };
		D8C3F9941E4BA08F00353D41 /* megaAssignment */ = {isa = PBXFileReference; explicitFileType = "compiled.mach-o.executable"; includeInIndex = 0; name = megaAssignment; path = "/Users/ibow9416/Documents/c+:-/megaAssignment/build/Debug/megaAssignment"; sourceTree = "<absolute>"; };
		D8C3F9951E4BA2CC00353D41 /* IntNodeArray.cpp */ = {isa = PBXFileReference; fileEncoding = 4; lastKnownFileType = sourcecode.cpp.cpp; path = IntNodeArray.cpp; sourceTree = "<group>"; };
		D8C3F9961E4BA2CC00353D41 /* IntNodeArray.hpp */ = {isa = PBXFileReference; fileEncoding = 4; lastKnownFileType = sourcecode.cpp.h; path = IntNodeArray.hpp; sourceTree = "<group>"; };
/* End PBXFileReference section */

/* Begin PBXFrameworksBuildPhase section */
		D89421281E4904F00057B2EF /* Frameworks */ = {
			isa = PBXFrameworksBuildPhase;
			buildActionMask = 2147483647;
			files = (
			);
			runOnlyForDeploymentPostprocessing = 0;
		};
/* End PBXFrameworksBuildPhase section */

/* Begin PBXGroup section */
		D89421221E4904F00057B2EF = {
			isa = PBXGroup;
			children = (
				D894212D1E4904F10057B2EF /* megaAssignment */,
			);
			sourceTree = "<group>";
		};
		D894212D1E4904F10057B2EF /* megaAssignment */ = {
			isa = PBXGroup;
			children = (
				D8C339161E490F3000C00315 /* Model */,
				D89421351E4907D50057B2EF /* Controller */,
				D89421361E4907E60057B2EF /* megaController.cpp */,
				D89421371E4907E60057B2EF /* megaController.hpp */,
			);
			path = megaAssignment;
			sourceTree = "<group>";
		};
		D89421351E4907D50057B2EF /* Controller */ = {
			isa = PBXGroup;
			children = (
			);
			name = Controller;
			sourceTree = "<group>";
		};
		D8C339161E490F3000C00315 /* Model */ = {
			isa = PBXGroup;
			children = (
				D8C339191E490F5E00C00315 /* IntNode.cpp */,
				D8C3391A1E490F5E00C00315 /* IntNode.hpp */,
				D8C3F9951E4BA2CC00353D41 /* IntNodeArray.cpp */,
				D8C3F9961E4BA2CC00353D41 /* IntNodeArray.hpp */,
			);
			name = Model;
			sourceTree = "<group>";
		};
/* End PBXGroup section */

/* Begin PBXNativeTarget section */
		D894212A1E4904F00057B2EF /* megaAssignment */ = {
			isa = PBXNativeTarget;
			buildConfigurationList = D89421321E4904F10057B2EF /* Build configuration list for PBXNativeTarget "megaAssignment" */;
			buildPhases = (
				D89421271E4904F00057B2EF /* Sources */,
				D89421281E4904F00057B2EF /* Frameworks */,
				D89421291E4904F00057B2EF /* CopyFiles */,
			);
			buildRules = (
			);
			dependencies = (
			);
			name = megaAssignment;
			productName = megaAssignment;
			productReference = D8C3F9941E4BA08F00353D41 /* megaAssignment */;
			productType = "com.apple.product-type.tool";
		};
/* End PBXNativeTarget section */

/* Begin PBXProject section */
		D89421231E4904F00057B2EF /* Project object */ = {
			isa = PBXProject;
			attributes = {
				LastUpgradeCheck = 0810;
				ORGANIZATIONNAME = "Bowen, Isaac";
				TargetAttributes = {
					D894212A1E4904F00057B2EF = {
						CreatedOnToolsVersion = 8.1;
						ProvisioningStyle = Automatic;
					};
				};
			};
			buildConfigurationList = D89421261E4904F00057B2EF /* Build configuration list for PBXProject "megaAssignment" */;
			compatibilityVersion = "Xcode 3.2";
			developmentRegion = English;
			hasScannedForEncodings = 0;
			knownRegions = (
				en,
			);
			mainGroup = D89421221E4904F00057B2EF;
			productRefGroup = D89421221E4904F00057B2EF;
			projectDirPath = "";
			projectRoot = "";
			targets = (
				D894212A1E4904F00057B2EF /* megaAssignment */,
			);
		};
/* End PBXProject section */

/* Begin PBXSourcesBuildPhase section */
		D89421271E4904F00057B2EF /* Sources */ = {
			isa = PBXSourcesBuildPhase;
			buildActionMask = 2147483647;
			files = (
				D89421381E4907E60057B2EF /* megaController.cpp in Sources */,
				D8C3F9971E4BA2CD00353D41 /* IntNodeArray.cpp in Sources */,
				D8C3391B1E490F5E00C00315 /* IntNode.cpp in Sources */,
			);
			runOnlyForDeploymentPostprocessing = 0;
		};
/* End PBXSourcesBuildPhase section */

/* Begin XCBuildConfiguration section */
		D89421301E4904F10057B2EF /* Debug */ = {
			isa = XCBuildConfiguration;
			buildSettings = {
				ALWAYS_SEARCH_USER_PATHS = NO;
				CLANG_ANALYZER_NONNULL = YES;
				CLANG_CXX_LANGUAGE_STANDARD = "gnu++0x";
				CLANG_CXX_LIBRARY = "libc++";
				CLANG_ENABLE_MODULES = YES;
				CLANG_ENABLE_OBJC_ARC = YES;
				CLANG_WARN_BOOL_CONVERSION = YES;
				CLANG_WARN_CONSTANT_CONVERSION = YES;
				CLANG_WARN_DIRECT_OBJC_ISA_USAGE = YES_ERROR;
				CLANG_WARN_DOCUMENTATION_COMMENTS = YES;
				CLANG_WARN_EMPTY_BODY = YES;
				CLANG_WARN_ENUM_CONVERSION = YES;
				CLANG_WARN_INFINITE_RECURSION = YES;
				CLANG_WARN_INT_CONVERSION = YES;
				CLANG_WARN_OBJC_ROOT_CLASS = YES_ERROR;
				CLANG_WARN_SUSPICIOUS_MOVES = YES;
				CLANG_WARN_UNREACHABLE_CODE = YES;
				CLANG_WARN__DUPLICATE_METHOD_MATCH = YES;
				CODE_SIGN_IDENTITY = "-";
				COPY_PHASE_STRIP = NO;
				DEBUG_INFORMATION_FORMAT = dwarf;
				ENABLE_STRICT_OBJC_MSGSEND = YES;
				ENABLE_TESTABILITY = YES;
				GCC_C_LANGUAGE_STANDARD = gnu99;
				GCC_DYNAMIC_NO_PIC = NO;
				GCC_NO_COMMON_BLOCKS = YES;
				GCC_OPTIMIZATION_LEVEL = 0;
				GCC_PREPROCESSOR_DEFINITIONS = (
					"DEBUG=1",
					"$(inherited)",
				);
				GCC_WARN_64_TO_32_BIT_CONVERSION = YES;
				GCC_WARN_ABOUT_RETURN_TYPE = YES_ERROR;
				GCC_WARN_UNDECLARED_SELECTOR = YES;
				GCC_WARN_UNINITIALIZED_AUTOS = YES_AGGRESSIVE;
				GCC_WARN_UNUSED_FUNCTION = YES;
				GCC_WARN_UNUSED_VARIABLE = YES;
				MACOSX_DEPLOYMENT_TARGET = 10.11;
				MTL_ENABLE_DEBUG_INFO = YES;
				ONLY_ACTIVE_ARCH = YES;
				SDKROOT = macosx;
			};
			name = Debug;
		};
		D89421311E4904F10057B2EF /* Release */ = {
			isa = XCBuildConfiguration;
			buildSettings = {
				ALWAYS_SEARCH_USER_PATHS = NO;
				CLANG_ANALYZER_NONNULL = YES;
				CLANG_CXX_LANGUAGE_STANDARD = "gnu++0x";
				CLANG_CXX_LIBRARY = "libc++";
				CLANG_ENABLE_MODULES = YES;
				CLANG_ENABLE_OBJC_ARC = YES;
				CLANG_WARN_BOOL_CONVERSION = YES;
				CLANG_WARN_CONSTANT_CONVERSION = YES;
				CLANG_WARN_DIRECT_OBJC_ISA_USAGE = YES_ERROR;
				CLANG_WARN_DOCUMENTATION_COMMENTS = YES;
				CLANG_WARN_EMPTY_BODY = YES;
				CLANG_WARN_ENUM_CONVERSION = YES;
				CLANG_WARN_INFINITE_RECURSION = YES;
				CLANG_WARN_INT_CONVERSION = YES;
				CLANG_WARN_OBJC_ROOT_CLASS = YES_ERROR;
				CLANG_WARN_SUSPICIOUS_MOVES = YES;
				CLANG_WARN_UNREACHABLE_CODE = YES;
				CLANG_WARN__DUPLICATE_METHOD_MATCH = YES;
				CODE_SIGN_IDENTITY = "-";
				COPY_PHASE_STRIP = NO;
				DEBUG_INFORMATION_FORMAT = "dwarf-with-dsym";
				ENABLE_NS_ASSERTIONS = NO;
				ENABLE_STRICT_OBJC_MSGSEND = YES;
				GCC_C_LANGUAGE_STANDARD = gnu99;
				GCC_NO_COMMON_BLOCKS = YES;
				GCC_WARN_64_TO_32_BIT_CONVERSION = YES;
				GCC_WARN_ABOUT_RETURN_TYPE = YES_ERROR;
				GCC_WARN_UNDECLARED_SELECTOR = YES;
				GCC_WARN_UNINITIALIZED_AUTOS = YES_AGGRESSIVE;
				GCC_WARN_UNUSED_FUNCTION = YES;
				GCC_WARN_UNUSED_VARIABLE = YES;
				MACOSX_DEPLOYMENT_TARGET = 10.11;
				MTL_ENABLE_DEBUG_INFO = NO;
				SDKROOT = macosx;
			};
			name = Release;
		};
		D89421331E4904F10057B2EF /* Debug */ = {
			isa = XCBuildConfiguration;
			buildSettings = {
				PRODUCT_NAME = "$(TARGET_NAME)";
			};
			name = Debug;
		};
		D89421341E4904F10057B2EF /* Release */ = {
			isa = XCBuildConfiguration;
			buildSettings = {
				PRODUCT_NAME = "$(TARGET_NAME)";
			};
			name = Release;
		};
/* End XCBuildConfiguration section */

/* Begin XCConfigurationList section */
		D89421261E4904F00057B2EF /* Build configuration list for PBXProject "megaAssignment" */ = {
			isa = XCConfigurationList;
			buildConfigurations = (
				D89421301E4904F10057B2EF /* Debug */,
				D89421311E4904F10057B2EF /* Release */,
			);
			defaultConfigurationIsVisible = 0;
			defaultConfigurationName = Release;
		};
		D89421321E4904F10057B2EF /* Build configuration list for PBXNativeTarget "megaAssignment" */ = {
			isa = XCConfigurationList;
			buildConfigurations = (
				D89421331E4904F10057B2EF /* Debug */,
				D89421341E4904F10057B2EF /* Release */,
			);
			defaultConfigurationIsVisible = 0;
			defaultConfigurationName = Release;
		};
/* End XCConfigurationList section */
	};
	rootObject = D89421231E4904F00057B2EF /* Project object */;
}
