// !$*UTF8*$!
{
	archiveVersion = 1;
	classes = {
	};
	objectVersion = 46;
	objects = {

/* Begin PBXBuildFile section */
		D84FA2C91E7711F0003C1B43 /* FoodItem.cpp in Sources */ = {isa = PBXBuildFile; fileRef = D84FA2C71E7711F0003C1B43 /* FoodItem.cpp */; };
		D8B8DC441E8C2B03004FED31 /* CrimeData.cpp in Sources */ = {isa = PBXBuildFile; fileRef = D8B8DC421E8C2B03004FED31 /* CrimeData.cpp */; };
		D8C3F9A01E4BBAB300353D41 /* IntNode.cpp in Sources */ = {isa = PBXBuildFile; fileRef = D8C3F99C1E4BBAB300353D41 /* IntNode.cpp */; };
		D8C3F9A11E4BBAB300353D41 /* IntNodeArray.cpp in Sources */ = {isa = PBXBuildFile; fileRef = D8C3F99E1E4BBAB300353D41 /* IntNodeArray.cpp */; };
		D8C3F9A51E4BBABE00353D41 /* megaController.cpp in Sources */ = {isa = PBXBuildFile; fileRef = D8C3F9A21E4BBABE00353D41 /* megaController.cpp */; };
		D8C3F9A61E4BBABE00353D41 /* megaRunner.cpp in Sources */ = {isa = PBXBuildFile; fileRef = D8C3F9A41E4BBABE00353D41 /* megaRunner.cpp */; };
		D8DEF48F1E71E2DB00170A3D /* Timer.cpp in Sources */ = {isa = PBXBuildFile; fileRef = D8DEF48D1E71E2DB00170A3D /* Timer.cpp */; };
		D8E036511E89A0DE00353564 /* FileController.cpp in Sources */ = {isa = PBXBuildFile; fileRef = D8E0364F1E89A0DE00353564 /* FileController.cpp */; };
		D8E036541E89A35800353564 /* StructureTester.cpp in Sources */ = {isa = PBXBuildFile; fileRef = D8E036521E89A35800353564 /* StructureTester.cpp */; };
/* End PBXBuildFile section */

/* Begin PBXCopyFilesBuildPhase section */
		D89421291E4904F00057B2EF /* CopyFiles */ = {
			isa = PBXCopyFilesBuildPhase;
			buildActionMask = 2147483647;
			dstPath = /usr/share/man/man1/;
			dstSubfolderSpec = 0;
			files = (
			);
			runOnlyForDeploymentPostprocessing = 1;
		};
/* End PBXCopyFilesBuildPhase section */

/* Begin PBXFileReference section */
		D80053611EA7EEEC00F7469B /* AVLTree.h */ = {isa = PBXFileReference; lastKnownFileType = sourcecode.c.h; name = AVLTree.h; path = Model/AVLTree.h; sourceTree = "<group>"; };
		D826964E1E5234D40046A7F2 /* megaAssignment */ = {isa = PBXFileReference; explicitFileType = "compiled.mach-o.executable"; includeInIndex = 0; path = megaAssignment; sourceTree = BUILT_PRODUCTS_DIR; };
		D826964F1E523E7D0046A7F2 /* Node.hpp */ = {isa = PBXFileReference; lastKnownFileType = sourcecode.cpp.h; name = Node.hpp; path = Model/Node.hpp; sourceTree = "<group>"; };
		D8439F471E675D0400983F27 /* DoublyLinkedList.h */ = {isa = PBXFileReference; lastKnownFileType = sourcecode.c.h; name = DoublyLinkedList.h; path = Model/DoublyLinkedList.h; sourceTree = "<group>"; };
		D8439F491E67684F00983F27 /* CircularList.h */ = {isa = PBXFileReference; lastKnownFileType = sourcecode.c.h; name = CircularList.h; path = Model/CircularList.h; sourceTree = "<group>"; };
		D84FA2C71E7711F0003C1B43 /* FoodItem.cpp */ = {isa = PBXFileReference; fileEncoding = 4; lastKnownFileType = sourcecode.cpp.cpp; name = FoodItem.cpp; path = Model/FoodItem.cpp; sourceTree = "<group>"; };
		D84FA2C81E7711F0003C1B43 /* FoodItem.hpp */ = {isa = PBXFileReference; fileEncoding = 4; lastKnownFileType = sourcecode.cpp.h; name = FoodItem.hpp; path = Model/FoodItem.hpp; sourceTree = "<group>"; };
		D86C3E3E1EBA53520003AF54 /* HashTable.h */ = {isa = PBXFileReference; lastKnownFileType = sourcecode.c.h; path = HashTable.h; sourceTree = "<group>"; };
		D8A816E71E9D53CF00C4329B /* BinarySearchTreeNode.h */ = {isa = PBXFileReference; lastKnownFileType = sourcecode.c.h; name = BinarySearchTreeNode.h; path = Model/BinarySearchTreeNode.h; sourceTree = "<group>"; };
		D8A816E81E9D583500C4329B /* Tree.h */ = {isa = PBXFileReference; lastKnownFileType = sourcecode.c.h; name = Tree.h; path = Model/Tree.h; sourceTree = "<group>"; };
		D8A816EA1E9D5E8C00C4329B /* BinarySearchTree.h */ = {isa = PBXFileReference; lastKnownFileType = sourcecode.c.h; name = BinarySearchTree.h; path = Model/BinarySearchTree.h; sourceTree = "<group>"; };
		D8ABF4901E64C7090011A1F8 /* BiDirectionalNode.h */ = {isa = PBXFileReference; lastKnownFileType = sourcecode.c.h; name = BiDirectionalNode.h; path = Model/BiDirectionalNode.h; sourceTree = "<group>"; };
		D8B1DCE41E54E39300354796 /* Array.h */ = {isa = PBXFileReference; lastKnownFileType = sourcecode.c.h; name = Array.h; path = Model/Array.h; sourceTree = "<group>"; };
		D8B8DC421E8C2B03004FED31 /* CrimeData.cpp */ = {isa = PBXFileReference; fileEncoding = 4; lastKnownFileType = sourcecode.cpp.cpp; name = CrimeData.cpp; path = Model/CrimeData.cpp; sourceTree = "<group>"; };
		D8B8DC431E8C2B03004FED31 /* CrimeData.hpp */ = {isa = PBXFileReference; fileEncoding = 4; lastKnownFileType = sourcecode.cpp.h; name = CrimeData.hpp; path = Model/CrimeData.hpp; sourceTree = "<group>"; };
		D8C2F4041E6A056D00CE4465 /* Queue.h */ = {isa = PBXFileReference; lastKnownFileType = sourcecode.c.h; name = Queue.h; path = Model/Queue.h; sourceTree = "<group>"; };
		D8C3F99C1E4BBAB300353D41 /* IntNode.cpp */ = {isa = PBXFileReference; fileEncoding = 4; lastKnownFileType = sourcecode.cpp.cpp; name = IntNode.cpp; path = Model/IntNode.cpp; sourceTree = "<group>"; };
		D8C3F99D1E4BBAB300353D41 /* IntNode.hpp */ = {isa = PBXFileReference; fileEncoding = 4; lastKnownFileType = sourcecode.cpp.h; name = IntNode.hpp; path = Model/IntNode.hpp; sourceTree = "<group>"; };
		D8C3F99E1E4BBAB300353D41 /* IntNodeArray.cpp */ = {isa = PBXFileReference; fileEncoding = 4; lastKnownFileType = sourcecode.cpp.cpp; name = IntNodeArray.cpp; path = Model/IntNodeArray.cpp; sourceTree = "<group>"; };
		D8C3F99F1E4BBAB300353D41 /* IntNodeArray.hpp */ = {isa = PBXFileReference; fileEncoding = 4; lastKnownFileType = sourcecode.cpp.h; name = IntNodeArray.hpp; path = Model/IntNodeArray.hpp; sourceTree = "<group>"; };
		D8C3F9A21E4BBABE00353D41 /* megaController.cpp */ = {isa = PBXFileReference; fileEncoding = 4; lastKnownFileType = sourcecode.cpp.cpp; name = megaController.cpp; path = Controller/megaController.cpp; sourceTree = "<group>"; };
		D8C3F9A31E4BBABE00353D41 /* megaController.hpp */ = {isa = PBXFileReference; fileEncoding = 4; lastKnownFileType = sourcecode.cpp.h; name = megaController.hpp; path = Controller/megaController.hpp; sourceTree = "<group>"; };
		D8C3F9A41E4BBABE00353D41 /* megaRunner.cpp */ = {isa = PBXFileReference; fileEncoding = 4; lastKnownFileType = sourcecode.cpp.cpp; name = megaRunner.cpp; path = Controller/megaRunner.cpp; sourceTree = "<group>"; };
		D8D480DE1E5CD99A00A1695E /* List.h */ = {isa = PBXFileReference; lastKnownFileType = sourcecode.c.h; name = List.h; path = Model/List.h; sourceTree = "<group>"; };
		D8DEF4881E71DCBF00170A3D /* Stack.h */ = {isa = PBXFileReference; fileEncoding = 4; lastKnownFileType = sourcecode.c.h; name = Stack.h; path = Model/Stack.h; sourceTree = "<group>"; };
		D8DEF4891E71DCF300170A3D /* DoubleList.h */ = {isa = PBXFileReference; lastKnownFileType = sourcecode.c.h; name = DoubleList.h; path = Model/DoubleList.h; sourceTree = "<group>"; };
		D8DEF48D1E71E2DB00170A3D /* Timer.cpp */ = {isa = PBXFileReference; fileEncoding = 4; lastKnownFileType = sourcecode.cpp.cpp; name = Timer.cpp; path = Model/Timer.cpp; sourceTree = "<group>"; };
		D8DEF48E1E71E2DB00170A3D /* Timer.hpp */ = {isa = PBXFileReference; fileEncoding = 4; lastKnownFileType = sourcecode.cpp.h; name = Timer.hpp; path = Model/Timer.hpp; sourceTree = "<group>"; };
		D8E0364F1E89A0DE00353564 /* FileController.cpp */ = {isa = PBXFileReference; fileEncoding = 4; lastKnownFileType = sourcecode.cpp.cpp; name = FileController.cpp; path = Controller/FileController.cpp; sourceTree = "<group>"; };
		D8E036501E89A0DE00353564 /* FileController.hpp */ = {isa = PBXFileReference; fileEncoding = 4; lastKnownFileType = sourcecode.cpp.h; name = FileController.hpp; path = Controller/FileController.hpp; sourceTree = "<group>"; };
		D8E036521E89A35800353564 /* StructureTester.cpp */ = {isa = PBXFileReference; fileEncoding = 4; lastKnownFileType = sourcecode.cpp.cpp; name = StructureTester.cpp; path = Tester/StructureTester.cpp; sourceTree = "<group>"; };
		D8E036531E89A35800353564 /* StructureTester.hpp */ = {isa = PBXFileReference; fileEncoding = 4; lastKnownFileType = sourcecode.cpp.h; name = StructureTester.hpp; path = Tester/StructureTester.hpp; sourceTree = "<group>"; };
/* End PBXFileReference section */

/* Begin PBXFrameworksBuildPhase section */
		D89421281E4904F00057B2EF /* Frameworks */ = {
			isa = PBXFrameworksBuildPhase;
			buildActionMask = 2147483647;
			files = (
			);
			runOnlyForDeploymentPostprocessing = 0;
		};
/* End PBXFrameworksBuildPhase section */

/* Begin PBXGroup section */
		D89421221E4904F00057B2EF = {
			isa = PBXGroup;
			children = (
				D894212D1E4904F10057B2EF /* megaAssignment */,
				D826964E1E5234D40046A7F2 /* megaAssignment */,
				D8E036551E89A35E00353564 /* Tester */,
			);
			sourceTree = "<group>";
		};
		D894212D1E4904F10057B2EF /* megaAssignment */ = {
			isa = PBXGroup;
			children = (
				D8C339161E490F3000C00315 /* Model */,
				D89421351E4907D50057B2EF /* Controller */,
			);
			path = megaAssignment;
			sourceTree = "<group>";
		};
		D89421351E4907D50057B2EF /* Controller */ = {
			isa = PBXGroup;
			children = (
				D8C3F9A21E4BBABE00353D41 /* megaController.cpp */,
				D8C3F9A31E4BBABE00353D41 /* megaController.hpp */,
				D8C3F9A41E4BBABE00353D41 /* megaRunner.cpp */,
				D8E0364F1E89A0DE00353564 /* FileController.cpp */,
				D8E036501E89A0DE00353564 /* FileController.hpp */,
			);
			name = Controller;
			sourceTree = "<group>";
		};
		D8C339161E490F3000C00315 /* Model */ = {
			isa = PBXGroup;
			children = (
				D8B8DC421E8C2B03004FED31 /* CrimeData.cpp */,
				D8B8DC431E8C2B03004FED31 /* CrimeData.hpp */,
				D8DEF48D1E71E2DB00170A3D /* Timer.cpp */,
				D8DEF48E1E71E2DB00170A3D /* Timer.hpp */,
				D8C3F99C1E4BBAB300353D41 /* IntNode.cpp */,
				D8C3F99D1E4BBAB300353D41 /* IntNode.hpp */,
				D8C3F99E1E4BBAB300353D41 /* IntNodeArray.cpp */,
				D8C3F99F1E4BBAB300353D41 /* IntNodeArray.hpp */,
				D8D480DE1E5CD99A00A1695E /* List.h */,
				D826964F1E523E7D0046A7F2 /* Node.hpp */,
				D8B1DCE41E54E39300354796 /* Array.h */,
				D8ABF4901E64C7090011A1F8 /* BiDirectionalNode.h */,
				D8DEF4881E71DCBF00170A3D /* Stack.h */,
				D8439F471E675D0400983F27 /* DoublyLinkedList.h */,
				D8439F491E67684F00983F27 /* CircularList.h */,
				D8C2F4041E6A056D00CE4465 /* Queue.h */,
				D8DEF4891E71DCF300170A3D /* DoubleList.h */,
				D84FA2C71E7711F0003C1B43 /* FoodItem.cpp */,
				D84FA2C81E7711F0003C1B43 /* FoodItem.hpp */,
				D8A816E71E9D53CF00C4329B /* BinarySearchTreeNode.h */,
				D8A816E81E9D583500C4329B /* Tree.h */,
				D8A816EA1E9D5E8C00C4329B /* BinarySearchTree.h */,
				D80053611EA7EEEC00F7469B /* AVLTree.h */,
				D86C3E3E1EBA53520003AF54 /* HashTable.h */,
			);
			name = Model;
			sourceTree = "<group>";
		};
		D8E036551E89A35E00353564 /* Tester */ = {
			isa = PBXGroup;
			children = (
				D8E036521E89A35800353564 /* StructureTester.cpp */,
				D8E036531E89A35800353564 /* StructureTester.hpp */,
			);
			name = Tester;
			path = megaAssignment;
			sourceTree = "<group>";
		};
/* End PBXGroup section */

/* Begin PBXNativeTarget section */
		D894212A1E4904F00057B2EF /* megaAssignment */ = {
			isa = PBXNativeTarget;
			buildConfigurationList = D89421321E4904F10057B2EF /* Build configuration list for PBXNativeTarget "megaAssignment" */;
			buildPhases = (
				D89421271E4904F00057B2EF /* Sources */,
				D89421281E4904F00057B2EF /* Frameworks */,
				D89421291E4904F00057B2EF /* CopyFiles */,
			);
			buildRules = (
			);
			dependencies = (
			);
			name = megaAssignment;
			productName = megaAssignment;
			productReference = D826964E1E5234D40046A7F2 /* megaAssignment */;
			productType = "com.apple.product-type.tool";
		};
/* End PBXNativeTarget section */

/* Begin PBXProject section */
		D89421231E4904F00057B2EF /* Project object */ = {
			isa = PBXProject;
			attributes = {
				LastUpgradeCheck = 0810;
				ORGANIZATIONNAME = "Bowen, Isaac";
				TargetAttributes = {
					D894212A1E4904F00057B2EF = {
						CreatedOnToolsVersion = 8.1;
						ProvisioningStyle = Automatic;
					};
				};
			};
			buildConfigurationList = D89421261E4904F00057B2EF /* Build configuration list for PBXProject "megaAssignment" */;
			compatibilityVersion = "Xcode 3.2";
			developmentRegion = English;
			hasScannedForEncodings = 0;
			knownRegions = (
				en,
			);
			mainGroup = D89421221E4904F00057B2EF;
			productRefGroup = D89421221E4904F00057B2EF;
			projectDirPath = "";
			projectRoot = "";
			targets = (
				D894212A1E4904F00057B2EF /* megaAssignment */,
			);
		};
/* End PBXProject section */

/* Begin PBXSourcesBuildPhase section */
		D89421271E4904F00057B2EF /* Sources */ = {
			isa = PBXSourcesBuildPhase;
			buildActionMask = 2147483647;
			files = (
				D8C3F9A11E4BBAB300353D41 /* IntNodeArray.cpp in Sources */,
				D8C3F9A01E4BBAB300353D41 /* IntNode.cpp in Sources */,
				D8C3F9A51E4BBABE00353D41 /* megaController.cpp in Sources */,
				D8DEF48F1E71E2DB00170A3D /* Timer.cpp in Sources */,
				D8E036541E89A35800353564 /* StructureTester.cpp in Sources */,
				D8B8DC441E8C2B03004FED31 /* CrimeData.cpp in Sources */,
				D84FA2C91E7711F0003C1B43 /* FoodItem.cpp in Sources */,
				D8E036511E89A0DE00353564 /* FileController.cpp in Sources */,
				D8C3F9A61E4BBABE00353D41 /* megaRunner.cpp in Sources */,
			);
			runOnlyForDeploymentPostprocessing = 0;
		};
/* End PBXSourcesBuildPhase section */

/* Begin XCBuildConfiguration section */
		D89421301E4904F10057B2EF /* Debug */ = {
			isa = XCBuildConfiguration;
			buildSettings = {
				ALWAYS_SEARCH_USER_PATHS = NO;
				CLANG_ANALYZER_NONNULL = YES;
				CLANG_CXX_LANGUAGE_STANDARD = "gnu++0x";
				CLANG_CXX_LIBRARY = "libc++";
				CLANG_ENABLE_MODULES = YES;
				CLANG_ENABLE_OBJC_ARC = YES;
				CLANG_WARN_BOOL_CONVERSION = YES;
				CLANG_WARN_CONSTANT_CONVERSION = YES;
				CLANG_WARN_DIRECT_OBJC_ISA_USAGE = YES_ERROR;
				CLANG_WARN_DOCUMENTATION_COMMENTS = YES;
				CLANG_WARN_EMPTY_BODY = YES;
				CLANG_WARN_ENUM_CONVERSION = YES;
				CLANG_WARN_INFINITE_RECURSION = YES;
				CLANG_WARN_INT_CONVERSION = YES;
				CLANG_WARN_OBJC_ROOT_CLASS = YES_ERROR;
				CLANG_WARN_SUSPICIOUS_MOVES = YES;
				CLANG_WARN_UNREACHABLE_CODE = YES;
				CLANG_WARN__DUPLICATE_METHOD_MATCH = YES;
				CODE_SIGN_IDENTITY = "-";
				COPY_PHASE_STRIP = NO;
				DEBUG_INFORMATION_FORMAT = dwarf;
				ENABLE_STRICT_OBJC_MSGSEND = YES;
				ENABLE_TESTABILITY = YES;
				GCC_C_LANGUAGE_STANDARD = gnu99;
				GCC_DYNAMIC_NO_PIC = NO;
				GCC_NO_COMMON_BLOCKS = YES;
				GCC_OPTIMIZATION_LEVEL = 0;
				GCC_PREPROCESSOR_DEFINITIONS = (
					"DEBUG=1",
					"$(inherited)",
				);
				GCC_WARN_64_TO_32_BIT_CONVERSION = YES;
				GCC_WARN_ABOUT_RETURN_TYPE = YES_ERROR;
				GCC_WARN_UNDECLARED_SELECTOR = YES;
				GCC_WARN_UNINITIALIZED_AUTOS = YES_AGGRESSIVE;
				GCC_WARN_UNUSED_FUNCTION = YES;
				GCC_WARN_UNUSED_VARIABLE = YES;
				MACOSX_DEPLOYMENT_TARGET = 10.11;
				MTL_ENABLE_DEBUG_INFO = YES;
				ONLY_ACTIVE_ARCH = YES;
				SDKROOT = macosx;
			};
			name = Debug;
		};
		D89421311E4904F10057B2EF /* Release */ = {
			isa = XCBuildConfiguration;
			buildSettings = {
				ALWAYS_SEARCH_USER_PATHS = NO;
				CLANG_ANALYZER_NONNULL = YES;
				CLANG_CXX_LANGUAGE_STANDARD = "gnu++0x";
				CLANG_CXX_LIBRARY = "libc++";
				CLANG_ENABLE_MODULES = YES;
				CLANG_ENABLE_OBJC_ARC = YES;
				CLANG_WARN_BOOL_CONVERSION = YES;
				CLANG_WARN_CONSTANT_CONVERSION = YES;
				CLANG_WARN_DIRECT_OBJC_ISA_USAGE = YES_ERROR;
				CLANG_WARN_DOCUMENTATION_COMMENTS = YES;
				CLANG_WARN_EMPTY_BODY = YES;
				CLANG_WARN_ENUM_CONVERSION = YES;
				CLANG_WARN_INFINITE_RECURSION = YES;
				CLANG_WARN_INT_CONVERSION = YES;
				CLANG_WARN_OBJC_ROOT_CLASS = YES_ERROR;
				CLANG_WARN_SUSPICIOUS_MOVES = YES;
				CLANG_WARN_UNREACHABLE_CODE = YES;
				CLANG_WARN__DUPLICATE_METHOD_MATCH = YES;
				CODE_SIGN_IDENTITY = "-";
				COPY_PHASE_STRIP = NO;
				DEBUG_INFORMATION_FORMAT = "dwarf-with-dsym";
				ENABLE_NS_ASSERTIONS = NO;
				ENABLE_STRICT_OBJC_MSGSEND = YES;
				GCC_C_LANGUAGE_STANDARD = gnu99;
				GCC_NO_COMMON_BLOCKS = YES;
				GCC_WARN_64_TO_32_BIT_CONVERSION = YES;
				GCC_WARN_ABOUT_RETURN_TYPE = YES_ERROR;
				GCC_WARN_UNDECLARED_SELECTOR = YES;
				GCC_WARN_UNINITIALIZED_AUTOS = YES_AGGRESSIVE;
				GCC_WARN_UNUSED_FUNCTION = YES;
				GCC_WARN_UNUSED_VARIABLE = YES;
				MACOSX_DEPLOYMENT_TARGET = 10.11;
				MTL_ENABLE_DEBUG_INFO = NO;
				SDKROOT = macosx;
			};
			name = Release;
		};
		D89421331E4904F10057B2EF /* Debug */ = {
			isa = XCBuildConfiguration;
			buildSettings = {
				PRODUCT_NAME = "$(TARGET_NAME)";
			};
			name = Debug;
		};
		D89421341E4904F10057B2EF /* Release */ = {
			isa = XCBuildConfiguration;
			buildSettings = {
				PRODUCT_NAME = "$(TARGET_NAME)";
			};
			name = Release;
		};
/* End XCBuildConfiguration section */

/* Begin XCConfigurationList section */
		D89421261E4904F00057B2EF /* Build configuration list for PBXProject "megaAssignment" */ = {
			isa = XCConfigurationList;
			buildConfigurations = (
				D89421301E4904F10057B2EF /* Debug */,
				D89421311E4904F10057B2EF /* Release */,
			);
			defaultConfigurationIsVisible = 0;
			defaultConfigurationName = Release;
		};
		D89421321E4904F10057B2EF /* Build configuration list for PBXNativeTarget "megaAssignment" */ = {
			isa = XCConfigurationList;
			buildConfigurations = (
				D89421331E4904F10057B2EF /* Debug */,
				D89421341E4904F10057B2EF /* Release */,
			);
			defaultConfigurationIsVisible = 0;
			defaultConfigurationName = Release;
		};
/* End XCConfigurationList section */
	};
	rootObject = D89421231E4904F00057B2EF /* Project object */;
}
